{
  "name": "@volumegraphics/license-info-printer-example",
  "version": "1.0.0",
  "lockfileVersion": 1,
  "requires": true,
  "dependencies": {
    "@volumegraphics/license-info-collector": {
      "version": "1.0.3",
      "resolved": "http://vgqa03:8081/artifactory/api/npm/npm/@volumegraphics/license-info-collector/-/license-info-collector-1.0.3.tgz",
      "integrity": "sha1-OJ1nn394a3rEgPLzCdBTnIsh7dk=",
      "requires": {
        "semver": "5.5.0"
      }
    },
    "@volumegraphics/license-info-printer": {
      "version": "1.0.4",
      "resolved": "http://vgqa03:8081/artifactory/api/npm/npm/@volumegraphics/license-info-printer/-/license-info-printer-1.0.4.tgz",
      "integrity": "sha1-JkzVUS3ujZ7Se4MTx8L1t7e6KnM=",
      "requires": {
        "@volumegraphics/license-info-collector": "1.0.3",
        "command-line-args": "5.0.2",
        "mustache": "2.3.0"
      }
    },
    "argv-tools": {
      "version": "0.1.1",
      "resolved": "http://vgqa03:8081/artifactory/api/npm/npm/argv-tools/-/argv-tools-0.1.1.tgz",
      "integrity": "sha1-WIKD8zk62kcUFECxKYHNQb9rcDI=",
      "requires": {
        "array-back": "2.0.0",
        "find-replace": "2.0.1"
      }
    },
    "array-back": {
      "version": "2.0.0",
      "resolved": "http://vgqa03:8081/artifactory/api/npm/npm/array-back/-/array-back-2.0.0.tgz",
      "integrity": "sha1-aHdHHVHsycm/phNvtsfV/ml0gCI=",
      "requires": {
        "typical": "2.6.1"
      }
    },
    "command-line-args": {
      "version": "5.0.2",
      "resolved": "http://vgqa03:8081/artifactory/api/npm/npm/command-line-args/-/command-line-args-5.0.2.tgz",
      "integrity": "sha1-xOVrAWY2rxMjz0haolw8sgPfu+Q=",
      "requires": {
        "argv-tools": "0.1.1",
        "array-back": "2.0.0",
        "find-replace": "2.0.1",
        "lodash.camelcase": "4.3.0",
        "typical": "2.6.1"
      }
    },
    "find-replace": {
      "version": "2.0.1",
      "resolved": "http://vgqa03:8081/artifactory/api/npm/npm/find-replace/-/find-replace-2.0.1.tgz",
      "integrity": "sha1-bZaDp8og+PmqvqutB+TiWA9ShVA=",
      "requires": {
        "array-back": "2.0.0",
        "test-value": "3.0.0"
      }
    },
    "indexof": {
      "version": "0.0.1",
      "resolved": "http://vgqa03:8081/artifactory/api/npm/npm/indexof/-/indexof-0.0.1.tgz",
      "integrity": "sha1-gtwzbSMrkGIXnQWrMpOmYFn9Q10="
    },
    "json-schema": {
      "version": "0.2.3",
      "resolved": "http://vgqa03:8081/artifactory/api/npm/npm/json-schema/-/json-schema-0.2.3.tgz",
      "integrity": "sha1-tIDIkuWaLwWVTOcnvT8qTogvnhM="
    },
    "lodash.camelcase": {
      "version": "4.3.0",
      "resolved": "http://vgqa03:8081/artifactory/api/npm/npm/lodash.camelcase/-/lodash.camelcase-4.3.0.tgz",
      "integrity": "sha1-soqmKIorn8ZRA1x3EfZathkDMaY="
    },
    "mustache": {
      "version": "2.3.0",
      "resolved": "http://vgqa03:8081/artifactory/api/npm/npm/mustache/-/mustache-2.3.0.tgz",
      "integrity": "sha1-QCj3d4sXcIpImTCm5SrDvKDaQdA="
    },
    "semver": {
      "version": "5.5.0",
      "resolved": "http://vgqa03:8081/artifactory/api/npm/npm/semver/-/semver-5.5.0.tgz",
      "integrity": "sha1-3Eu8emyp2Rbe5dQ1FvAJK1j3uKs="
    },
    "test-value": {
      "version": "3.0.0",
      "resolved": "http://vgqa03:8081/artifactory/api/npm/npm/test-value/-/test-value-3.0.0.tgz",
      "integrity": "sha1-kWjAYvqxGoa41ETdlou0tzhRzpI=",
      "requires": {
        "array-back": "2.0.0",
        "typical": "2.6.1"
      }
    },
    "typical": {
      "version": "2.6.1",
      "resolved": "http://vgqa03:8081/artifactory/api/npm/npm/typical/-/typical-2.6.1.tgz",
      "integrity": "sha1-XAgOXWYcu+OCWdLnCjxyU+hziB0="
    }
  }
}
