{
  "name": "@volumegraphics/license-info-printer-example",
  "version": "1.1.3",
  "lockfileVersion": 2,
  "requires": true,
  "packages": {
    "": {
      "name": "@volumegraphics/license-info-printer-example",
      "version": "1.1.3",
      "license": "MIT",
      "dependencies": {
        "@volumegraphics/license-info-printer": "^3.0.1",
        "indexof": "^0.0.1",
        "json-schema": "^0.4.0"
      }
    },
    "node_modules/@volumegraphics/license-info-collector": {
      "version": "3.0.1",
      "resolved": "https://registry.npmjs.org/@volumegraphics/license-info-collector/-/license-info-collector-3.0.1.tgz",
      "integrity": "sha1-spF0f7t+XmOPl1BDknRmvZZUdyM=",
      "license": "MIT",
      "dependencies": {
        "semver": "^5.5.0"
      }
    },
    "node_modules/@volumegraphics/license-info-printer": {
      "version": "3.0.1",
      "resolved": "https://registry.npmjs.org/@volumegraphics/license-info-printer/-/license-info-printer-3.0.1.tgz",
      "integrity": "sha1-Ptbb0Y9uwiq2c4FUDNsC0SSBDK8=",
      "license": "MIT",
      "dependencies": {
        "@volumegraphics/license-info-collector": "^3.0.1",
        "command-line-args": "^5.0.2",
        "mustache": "^2.3.0"
      },
      "bin": {
        "license-info-printer": "bin/index.js"
      }
    },
    "node_modules/array-back": {
      "version": "3.1.0",
      "resolved": "https://registry.npmjs.org/array-back/-/array-back-3.1.0.tgz",
      "integrity": "sha1-uIWdelCIccmnss9C+ZQo9l6Wv7A=",
      "license": "MIT",
      "engines": {
        "node": ">=6"
      }
    },
    "node_modules/command-line-args": {
      "version": "5.2.1",
      "resolved": "https://registry.npmjs.org/command-line-args/-/command-line-args-5.2.1.tgz",
      "integrity": "sha1-xEwy5DelfXxRFXaWiTxZCenOxC4=",
      "license": "MIT",
      "dependencies": {
        "array-back": "^3.1.0",
        "find-replace": "^3.0.0",
        "lodash.camelcase": "^4.3.0",
        "typical": "^4.0.0"
      },
      "engines": {
        "node": ">=4.0.0"
      }
    },
    "node_modules/find-replace": {
      "version": "3.0.0",
      "resolved": "https://registry.npmjs.org/find-replace/-/find-replace-3.0.0.tgz",
      "integrity": "sha1-Pn4j07BRZ6dvdwyfvVJYsN72jDg=",
      "license": "MIT",
      "dependencies": {
        "array-back": "^3.0.1"
      },
      "engines": {
        "node": ">=4.0.0"
      }
    },
    "node_modules/indexof": {
      "version": "0.0.1",
      "resolved": "http://vgqa03:8081/artifactory/api/npm/npm/indexof/-/indexof-0.0.1.tgz",
      "integrity": "sha1-gtwzbSMrkGIXnQWrMpOmYFn9Q10="
    },
    "node_modules/json-schema": {
      "version": "0.4.0",
      "resolved": "https://registry.npmjs.org/json-schema/-/json-schema-0.4.0.tgz",
      "integrity": "sha512-es94M3nTIfsEPisRafak+HDLfHXnKBhV3vU5eqPcS3flIWqcxJWgXHXiey3YrpaNsanY5ei1VoYEbOzijuq9BA=="
    },
    "node_modules/lodash.camelcase": {
      "version": "4.3.0",
      "resolved": "https://registry.npmjs.org/lodash.camelcase/-/lodash.camelcase-4.3.0.tgz",
      "integrity": "sha1-soqmKIorn8ZRA1x3EfZathkDMaY=",
      "license": "MIT"
    },
    "node_modules/mustache": {
      "version": "2.3.2",
      "resolved": "https://registry.npmjs.org/mustache/-/mustache-2.3.2.tgz",
      "integrity": "sha1-ptTZw/kdEzWauImoEpVPkjCj0MU=",
      "license": "MIT",
      "bin": {
        "mustache": "bin/mustache"
      },
      "engines": {
        "npm": ">=1.4.0"
      }
    },
    "node_modules/semver": {
      "version": "5.7.2",
      "resolved": "https://registry.npmjs.org/semver/-/semver-5.7.2.tgz",
      "integrity": "sha512-cBznnQ9KjJqU67B52RMC65CMarK2600WFnbkcaiwWq3xy/5haFJlshgnpjovMVJ+Hff49d8GEn0b87C5pDQ10g==",
      "bin": {
        "semver": "bin/semver"
      }
    },
    "node_modules/typical": {
      "version": "4.0.0",
      "resolved": "https://registry.npmjs.org/typical/-/typical-4.0.0.tgz",
      "integrity": "sha1-y+r/O5164eK7+vWk5vEezP3pT8Q=",
      "license": "MIT",
      "engines": {
        "node": ">=8"
      }
    }
  },
  "dependencies": {
    "@volumegraphics/license-info-collector": {
      "version": "3.0.1",
      "resolved": "https://registry.npmjs.org/@volumegraphics/license-info-collector/-/license-info-collector-3.0.1.tgz",
      "integrity": "sha1-spF0f7t+XmOPl1BDknRmvZZUdyM=",
      "requires": {
        "semver": "^5.5.0"
      }
    },
    "@volumegraphics/license-info-printer": {
      "version": "3.0.1",
      "resolved": "https://registry.npmjs.org/@volumegraphics/license-info-printer/-/license-info-printer-3.0.1.tgz",
      "integrity": "sha1-Ptbb0Y9uwiq2c4FUDNsC0SSBDK8=",
      "requires": {
        "@volumegraphics/license-info-collector": "^3.0.1",
        "command-line-args": "^5.0.2",
        "mustache": "^2.3.0"
      }
    },
    "array-back": {
      "version": "3.1.0",
      "resolved": "https://registry.npmjs.org/array-back/-/array-back-3.1.0.tgz",
      "integrity": "sha1-uIWdelCIccmnss9C+ZQo9l6Wv7A="
    },
    "command-line-args": {
      "version": "5.2.1",
      "resolved": "https://registry.npmjs.org/command-line-args/-/command-line-args-5.2.1.tgz",
      "integrity": "sha1-xEwy5DelfXxRFXaWiTxZCenOxC4=",
      "requires": {
        "array-back": "^3.1.0",
        "find-replace": "^3.0.0",
        "lodash.camelcase": "^4.3.0",
        "typical": "^4.0.0"
      }
    },
    "find-replace": {
      "version": "3.0.0",
      "resolved": "https://registry.npmjs.org/find-replace/-/find-replace-3.0.0.tgz",
      "integrity": "sha1-Pn4j07BRZ6dvdwyfvVJYsN72jDg=",
      "requires": {
        "array-back": "^3.0.1"
      }
    },
    "indexof": {
      "version": "0.0.1",
      "resolved": "http://vgqa03:8081/artifactory/api/npm/npm/indexof/-/indexof-0.0.1.tgz",
      "integrity": "sha1-gtwzbSMrkGIXnQWrMpOmYFn9Q10="
    },
    "json-schema": {
      "version": "0.4.0",
      "resolved": "https://registry.npmjs.org/json-schema/-/json-schema-0.4.0.tgz",
      "integrity": "sha512-es94M3nTIfsEPisRafak+HDLfHXnKBhV3vU5eqPcS3flIWqcxJWgXHXiey3YrpaNsanY5ei1VoYEbOzijuq9BA=="
    },
    "lodash.camelcase": {
      "version": "4.3.0",
      "resolved": "https://registry.npmjs.org/lodash.camelcase/-/lodash.camelcase-4.3.0.tgz",
      "integrity": "sha1-soqmKIorn8ZRA1x3EfZathkDMaY="
    },
    "mustache": {
      "version": "2.3.2",
      "resolved": "https://registry.npmjs.org/mustache/-/mustache-2.3.2.tgz",
      "integrity": "sha1-ptTZw/kdEzWauImoEpVPkjCj0MU="
    },
    "semver": {
      "version": "5.7.2",
      "resolved": "https://registry.npmjs.org/semver/-/semver-5.7.2.tgz",
      "integrity": "sha512-cBznnQ9KjJqU67B52RMC65CMarK2600WFnbkcaiwWq3xy/5haFJlshgnpjovMVJ+Hff49d8GEn0b87C5pDQ10g=="
    },
    "typical": {
      "version": "4.0.0",
      "resolved": "https://registry.npmjs.org/typical/-/typical-4.0.0.tgz",
      "integrity": "sha1-y+r/O5164eK7+vWk5vEezP3pT8Q="
    }
  }
}
