{
  "name": "@volumegraphics/license-info-printer",
  "version": "3.0.1",
  "lockfileVersion": 2,
  "requires": true,
  "packages": {
    "": {
      "name": "@volumegraphics/license-info-printer",
      "version": "3.0.1",
      "license": "MIT",
      "dependencies": {
        "@volumegraphics/license-info-collector": "^3.0.1",
        "command-line-args": "^5.0.2",
        "mustache": "^2.3.0"
      },
      "bin": {
        "license-info-printer": "bin/index.js"
      },
      "devDependencies": {
        "@types/mustache": "^0.8.30",
        "@types/node": "^10.3.3",
        "ts-node": "^6.0.3",
        "typescript": "^2.8.3"
      }
    },
    "node_modules/@types/mustache": {
      "version": "0.8.30",
      "dev": true,
      "license": "MIT"
    },
    "node_modules/@types/node": {
      "version": "10.3.3",
      "dev": true,
      "license": "MIT"
    },
    "node_modules/@volumegraphics/license-info-collector": {
      "version": "3.0.1",
      "resolved": "http://artifactory.volumegraphics.com:8081/artifactory/api/npm/npm/@volumegraphics/license-info-collector/-/license-info-collector-3.0.1.tgz",
      "integrity": "sha1-spF0f7t+XmOPl1BDknRmvZZUdyM=",
      "license": "MIT",
      "dependencies": {
        "semver": "^5.5.0"
      }
    },
    "node_modules/ansi-styles": {
      "version": "3.2.1",
      "dev": true,
      "license": "MIT",
      "dependencies": {
        "color-convert": "^1.9.0"
      },
      "engines": {
        "node": ">=4"
      }
    },
    "node_modules/argv-tools": {
      "version": "0.1.1",
      "license": "MIT",
      "dependencies": {
        "array-back": "^2.0.0",
        "find-replace": "^2.0.1"
      },
      "engines": {
        "node": ">=4.0.0"
      }
    },
    "node_modules/array-back": {
      "version": "2.0.0",
      "license": "MIT",
      "dependencies": {
        "typical": "^2.6.1"
      },
      "engines": {
        "node": ">=4"
      }
    },
    "node_modules/arrify": {
      "version": "1.0.1",
      "dev": true,
      "license": "MIT",
      "engines": {
        "node": ">=0.10.0"
      }
    },
    "node_modules/buffer-from": {
      "version": "1.0.0",
      "dev": true,
      "license": "MIT"
    },
    "node_modules/chalk": {
      "version": "2.4.1",
      "dev": true,
      "license": "MIT",
      "dependencies": {
        "ansi-styles": "^3.2.1",
        "escape-string-regexp": "^1.0.5",
        "supports-color": "^5.3.0"
      },
      "engines": {
        "node": ">=4"
      }
    },
    "node_modules/color-convert": {
      "version": "1.9.1",
      "dev": true,
      "license": "MIT",
      "dependencies": {
        "color-name": "^1.1.1"
      }
    },
    "node_modules/color-name": {
      "version": "1.1.3",
      "dev": true,
      "license": "MIT"
    },
    "node_modules/command-line-args": {
      "version": "5.0.2",
      "license": "MIT",
      "dependencies": {
        "argv-tools": "^0.1.1",
        "array-back": "^2.0.0",
        "find-replace": "^2.0.1",
        "lodash.camelcase": "^4.3.0",
        "typical": "^2.6.1"
      },
      "engines": {
        "node": ">=4.0.0"
      }
    },
    "node_modules/diff": {
      "version": "3.5.0",
      "dev": true,
      "license": "BSD-3-Clause",
      "engines": {
        "node": ">=0.3.1"
      }
    },
    "node_modules/escape-string-regexp": {
      "version": "1.0.5",
      "dev": true,
      "license": "MIT",
      "engines": {
        "node": ">=0.8.0"
      }
    },
    "node_modules/find-replace": {
      "version": "2.0.1",
      "license": "MIT",
      "dependencies": {
        "array-back": "^2.0.0",
        "test-value": "^3.0.0"
      },
      "engines": {
        "node": ">=4.0.0"
      }
    },
    "node_modules/has-flag": {
      "version": "3.0.0",
      "dev": true,
      "license": "MIT",
      "engines": {
        "node": ">=4"
      }
    },
    "node_modules/lodash.camelcase": {
      "version": "4.3.0",
      "license": "MIT"
    },
    "node_modules/make-error": {
      "version": "1.3.4",
      "dev": true,
      "license": "ISC"
    },
    "node_modules/minimist": {
      "version": "1.2.7",
      "resolved": "https://registry.npmjs.org/minimist/-/minimist-1.2.7.tgz",
      "integrity": "sha512-bzfL1YUZsP41gmu/qjrEk0Q6i2ix/cVeAhbCbqH9u3zYutS1cLg00qhrD0M2MVdCcx4Sc0UpP2eBWo9rotpq6g==",
      "dev": true,,
      "license": "MIT"
      "funding": {
        "url": "https://github.com/sponsors/ljharb"
      }
    },
    "node_modules/mkdirp": {
      "version": "0.5.5",
      "dev": true,
      "license": "MIT",
      "dependencies": {
        "minimist": "^1.2.5"
      },
      "bin": {
        "mkdirp": "bin/cmd.js"
      }
    },
    "node_modules/mustache": {
      "version": "2.3.0",
      "license": "MIT",
      "bin": {
        "mustache": "bin/mustache"
      },
      "engines": {
        "npm": ">=1.4.0"
      }
    },
    "node_modules/semver": {
      "version": "5.7.1",
      "resolved": "http://artifactory.volumegraphics.com:8081/artifactory/api/npm/npm/semver/-/semver-5.7.1.tgz",
      "integrity": "sha1-qVT5Ma66UI0we78Gnv8MAclhFvc=",
      "license": "ISC",
      "bin": {
        "semver": "bin/semver"
      }
    },
    "node_modules/source-map": {
      "version": "0.6.1",
      "dev": true,
      "license": "BSD-3-Clause",
      "engines": {
        "node": ">=0.10.0"
      }
    },
    "node_modules/source-map-support": {
      "version": "0.5.6",
      "dev": true,
      "license": "MIT",
      "dependencies": {
        "buffer-from": "^1.0.0",
        "source-map": "^0.6.0"
      }
    },
    "node_modules/supports-color": {
      "version": "5.4.0",
      "dev": true,
      "license": "MIT",
      "dependencies": {
        "has-flag": "^3.0.0"
      },
      "engines": {
        "node": ">=4"
      }
    },
    "node_modules/test-value": {
      "version": "3.0.0",
      "license": "MIT",
      "dependencies": {
        "array-back": "^2.0.0",
        "typical": "^2.6.1"
      },
      "engines": {
        "node": ">=4.0.0"
      }
    },
    "node_modules/ts-node": {
      "version": "6.0.5",
      "dev": true,
      "license": "MIT",
      "dependencies": {
        "arrify": "^1.0.0",
        "chalk": "^2.3.0",
        "diff": "^3.1.0",
        "make-error": "^1.1.1",
        "minimist": "^1.2.0",
        "mkdirp": "^0.5.1",
        "source-map-support": "^0.5.3",
        "yn": "^2.0.0"
      },
      "bin": {
        "ts-node": "dist/bin.js"
      },
      "engines": {
        "node": ">=4.2.0"
      }
    },
    "node_modules/typescript": {
      "version": "2.9.1",
      "dev": true,
      "license": "Apache-2.0",
      "bin": {
        "tsc": "bin/tsc",
        "tsserver": "bin/tsserver"
      },
      "engines": {
        "node": ">=4.2.0"
      }
    },
    "node_modules/typical": {
      "version": "2.6.1",
      "license": "MIT"
    },
    "node_modules/yn": {
      "version": "2.0.0",
      "dev": true,
      "license": "MIT",
      "engines": {
        "node": ">=4"
      }
    }
  },
  "dependencies": {
    "@types/mustache": {
      "version": "0.8.30",
      "dev": true
    },
    "@types/node": {
      "version": "10.3.3",
      "dev": true
    },
    "@volumegraphics/license-info-collector": {
      "version": "3.0.1",
      "resolved": "http://artifactory.volumegraphics.com:8081/artifactory/api/npm/npm/@volumegraphics/license-info-collector/-/license-info-collector-3.0.1.tgz",
      "integrity": "sha1-spF0f7t+XmOPl1BDknRmvZZUdyM=",
      "requires": {
        "semver": "^5.5.0"
      }
    },
    "ansi-styles": {
      "version": "3.2.1",
      "dev": true,
      "requires": {
        "color-convert": "^1.9.0"
      }
    },
    "argv-tools": {
      "version": "0.1.1",
      "requires": {
        "array-back": "^2.0.0",
        "find-replace": "^2.0.1"
      }
    },
    "array-back": {
      "version": "2.0.0",
      "requires": {
        "typical": "^2.6.1"
      }
    },
    "arrify": {
      "version": "1.0.1",
      "dev": true
    },
    "buffer-from": {
      "version": "1.0.0",
      "dev": true
    },
    "chalk": {
      "version": "2.4.1",
      "dev": true,
      "requires": {
        "ansi-styles": "^3.2.1",
        "escape-string-regexp": "^1.0.5",
        "supports-color": "^5.3.0"
      }
    },
    "color-convert": {
      "version": "1.9.1",
      "dev": true,
      "requires": {
        "color-name": "^1.1.1"
      }
    },
    "color-name": {
      "version": "1.1.3",
      "dev": true
    },
    "command-line-args": {
      "version": "5.0.2",
      "requires": {
        "argv-tools": "^0.1.1",
        "array-back": "^2.0.0",
        "find-replace": "^2.0.1",
        "lodash.camelcase": "^4.3.0",
        "typical": "^2.6.1"
      }
    },
    "diff": {
      "version": "3.5.0",
      "dev": true
    },
    "escape-string-regexp": {
      "version": "1.0.5",
      "dev": true
    },
    "find-replace": {
      "version": "2.0.1",
      "requires": {
        "array-back": "^2.0.0",
        "test-value": "^3.0.0"
      }
    },
    "has-flag": {
      "version": "3.0.0",
      "dev": true
    },
    "lodash.camelcase": {
      "version": "4.3.0"
    },
    "make-error": {
      "version": "1.3.4",
      "dev": true
    },
    "minimist": {
      "version": "1.2.7",
      "resolved": "https://registry.npmjs.org/minimist/-/minimist-1.2.7.tgz",
      "integrity": "sha512-bzfL1YUZsP41gmu/qjrEk0Q6i2ix/cVeAhbCbqH9u3zYutS1cLg00qhrD0M2MVdCcx4Sc0UpP2eBWo9rotpq6g==",
      "dev": true
    },
    "mkdirp": {
      "version": "0.5.5",
      "dev": true,
      "requires": {
        "minimist": "^1.2.5"
      }
    },
    "mustache": {
      "version": "2.3.0"
    },
    "semver": {
      "version": "5.7.1",
      "resolved": "http://artifactory.volumegraphics.com:8081/artifactory/api/npm/npm/semver/-/semver-5.7.1.tgz",
      "integrity": "sha1-qVT5Ma66UI0we78Gnv8MAclhFvc="
    },
    "source-map": {
      "version": "0.6.1",
      "dev": true
    },
    "source-map-support": {
      "version": "0.5.6",
      "dev": true,
      "requires": {
        "buffer-from": "^1.0.0",
        "source-map": "^0.6.0"
      }
    },
    "supports-color": {
      "version": "5.4.0",
      "dev": true,
      "requires": {
        "has-flag": "^3.0.0"
      }
    },
    "test-value": {
      "version": "3.0.0",
      "requires": {
        "array-back": "^2.0.0",
        "typical": "^2.6.1"
      }
    },
    "ts-node": {
      "version": "6.0.5",
      "dev": true,
      "requires": {
        "arrify": "^1.0.0",
        "chalk": "^2.3.0",
        "diff": "^3.1.0",
        "make-error": "^1.1.1",
        "minimist": "^1.2.0",
        "mkdirp": "^0.5.1",
        "source-map-support": "^0.5.3",
        "yn": "^2.0.0"
      }
    },
    "typescript": {
      "version": "2.9.1",
      "dev": true
    },
    "typical": {
      "version": "2.6.1"
    },
    "yn": {
      "version": "2.0.0",
      "dev": true
    }
  }
}
